
Microsoft Visual Studio Solution File, Format Version 12.00
# Visual Studio Version 17
VisualStudioVersion = 17.14.37111.16
MinimumVisualStudioVersion = 10.0.40219.1
Project("{FAE04EC0-301F-11D3-BF4B-00C04F79EFBC}") = "Client Management System", "CRUDApplication\Client Management System.csproj", "{8A5AD9D9-F790-4853-94B9-A42D0ED5F4D0}"
EndProject
Global
	GlobalSection(SolutionConfigurationPlatforms) = preSolution
		Debug|Any CPU = Debug|Any CPU
		Release|Any CPU = Release|Any CPU
	EndGlobalSection
	GlobalSection(ProjectConfigurationPlatforms) = postSolution
		{8A5AD9D9-F790-4853-94B9-A42D0ED5F4D0}.Debug|Any CPU.ActiveCfg = Debug|Any CPU
		{8A5AD9D9-F790-4853-94B9-A42D0ED5F4D0}.Debug|Any CPU.Build.0 = Debug|Any CPU
		{8A5AD9D9-F790-4853-94B9-A42D0ED5F4D0}.Release|Any CPU.ActiveCfg = Release|Any CPU
		{8A5AD9D9-F790-4853-94B9-A42D0ED5F4D0}.Release|Any CPU.Build.0 = Release|Any CPU
	EndGlobalSection
	GlobalSection(SolutionProperties) = preSolution
		HideSolutionNode = FALSE
	EndGlobalSection
	GlobalSection(ExtensibilityGlobals) = postSolution
		SolutionGuid = {7285215A-0256-4B7F-A03E-210A4365297B}
	EndGlobalSection
EndGlobal
